
Microsoft Visual Studio Solution File, Format Version 12.00
# Visual Studio Version 17
VisualStudioVersion = 17.8.34322.80
MinimumVisualStudioVersion = 10.0.40219.1
Project("{FAE04EC0-301F-11D3-BF4B-00C04F79EFBC}") = "JwtAuthAspNetWebAPI", "JwtAuthAspNetWebAPI\JwtAuthAspNetWebAPI.csproj", "{6EB97EF4-532F-4A4D-91FC-360742ADEDAF}"
EndProject
Global
	GlobalSection(SolutionConfigurationPlatforms) = preSolution
		Debug|Any CPU = Debug|Any CPU
		Release|Any CPU = Release|Any CPU
	EndGlobalSection
	GlobalSection(ProjectConfigurationPlatforms) = postSolution
		{6EB97EF4-532F-4A4D-91FC-360742ADEDAF}.Debug|Any CPU.ActiveCfg = Debug|Any CPU
		{6EB97EF4-532F-4A4D-91FC-360742ADEDAF}.Debug|Any CPU.Build.0 = Debug|Any CPU
		{6EB97EF4-532F-4A4D-91FC-360742ADEDAF}.Release|Any CPU.ActiveCfg = Release|Any CPU
		{6EB97EF4-532F-4A4D-91FC-360742ADEDAF}.Release|Any CPU.Build.0 = Release|Any CPU
	EndGlobalSection
	GlobalSection(SolutionProperties) = preSolution
		HideSolutionNode = FALSE
	EndGlobalSection
	GlobalSection(ExtensibilityGlobals) = postSolution
		SolutionGuid = {14ADCA24-0C50-454C-8EC7-ADF7E11961FA}
	EndGlobalSection
EndGlobal
